Microsoft Visual Studio Solution File, Format Version 12.00
# Visual Studio Version 17
VisualStudioVersion = 17.5.2.0
MinimumVisualStudioVersion = 10.0.40219.1
Project("{FAE04EC0-301F-11D3-BF4B-00C04F79EFBC}") = "apiserver", "apiserver\apiserver.csproj", "{50BCCB08-85C7-0891-4155-503503BA5234}"
EndProject
Global
	GlobalSection(SolutionConfigurationPlatforms) = preSolution
		Debug|Any CPU = Debug|Any CPU
		Release|Any CPU = Release|Any CPU
	EndGlobalSection
	GlobalSection(ProjectConfigurationPlatforms) = postSolution
		{50BCCB08-85C7-0891-4155-503503BA5234}.Debug|Any CPU.ActiveCfg = Debug|Any CPU
		{50BCCB08-85C7-0891-4155-503503BA5234}.Debug|Any CPU.Build.0 = Debug|Any CPU
		{50BCCB08-85C7-0891-4155-503503BA5234}.Release|Any CPU.ActiveCfg = Release|Any CPU
		{50BCCB08-85C7-0891-4155-503503BA5234}.Release|Any CPU.Build.0 = Release|Any CPU
	EndGlobalSection
	GlobalSection(SolutionProperties) = preSolution
		HideSolutionNode = FALSE
	EndGlobalSection
	GlobalSection(ExtensibilityGlobals) = postSolution
		SolutionGuid = {A64656B7-5729-4C74-8505-884C546D3192}
	EndGlobalSection
EndGlobal
